
Microsoft Visual Studio Solution File, Format Version 12.00
# Visual Studio 14
VisualStudioVersion = 14.0.23107.0
MinimumVisualStudioVersion = 10.0.40219.1
Project("{FAE04EC0-301F-11D3-BF4B-00C04F79EFBC}") = "MagicNeinBall", "MagicNeinBall\MagicNeinBall.csproj", "{58230510-3651-46F8-8913-549710BDC3BE}"
EndProject
Project("{FAE04EC0-301F-11D3-BF4B-00C04F79EFBC}") = "MagicNeinBall.Tests", "MagicNeinBall.Tests\MagicNeinBall.Tests.csproj", "{5C644262-354F-4802-B1C4-EED93C325919}"
EndProject
Global
	GlobalSection(SolutionConfigurationPlatforms) = preSolution
		Debug|Any CPU = Debug|Any CPU
		Release|Any CPU = Release|Any CPU
	EndGlobalSection
	GlobalSection(ProjectConfigurationPlatforms) = postSolution
		{58230510-3651-46F8-8913-549710BDC3BE}.Debug|Any CPU.ActiveCfg = Debug|Any CPU
		{58230510-3651-46F8-8913-549710BDC3BE}.Debug|Any CPU.Build.0 = Debug|Any CPU
		{58230510-3651-46F8-8913-549710BDC3BE}.Release|Any CPU.ActiveCfg = Release|Any CPU
		{58230510-3651-46F8-8913-549710BDC3BE}.Release|Any CPU.Build.0 = Release|Any CPU
		{5C644262-354F-4802-B1C4-EED93C325919}.Debug|Any CPU.ActiveCfg = Debug|Any CPU
		{5C644262-354F-4802-B1C4-EED93C325919}.Debug|Any CPU.Build.0 = Debug|Any CPU
		{5C644262-354F-4802-B1C4-EED93C325919}.Release|Any CPU.ActiveCfg = Release|Any CPU
		{5C644262-354F-4802-B1C4-EED93C325919}.Release|Any CPU.Build.0 = Release|Any CPU
	EndGlobalSection
	GlobalSection(SolutionProperties) = preSolution
		HideSolutionNode = FALSE
	EndGlobalSection
EndGlobal
